// !$*UTF8*$!
{
	archiveVersion = 1;
	classes = {
	};
	objectVersion = 50;
	objects = {

/* Begin PBXBuildFile section */
		182060BD226EB1DB0058ACAA /* CustomAlertController.storyboard in Resources */ = {isa = PBXBuildFile; fileRef = 182060BC226EB1DB0058ACAA /* CustomAlertController.storyboard */; };
		182060C0226EB8C40058ACAA /* CustomAlertController.swift in Sources */ = {isa = PBXBuildFile; fileRef = 182060BF226EB8C40058ACAA /* CustomAlertController.swift */; };
		183E5AEE2249BBC100F7309E /* AppDelegate.swift in Sources */ = {isa = PBXBuildFile; fileRef = 183E5AED2249BBC100F7309E /* AppDelegate.swift */; };
		183E5AF32249BBC100F7309E /* Main.storyboard in Resources */ = {isa = PBXBuildFile; fileRef = 183E5AF12249BBC100F7309E /* Main.storyboard */; };
		183E5AF52249BBC200F7309E /* Assets.xcassets in Resources */ = {isa = PBXBuildFile; fileRef = 183E5AF42249BBC200F7309E /* Assets.xcassets */; };
		183E5AF82249BBC200F7309E /* LaunchScreen.storyboard in Resources */ = {isa = PBXBuildFile; fileRef = 183E5AF62249BBC200F7309E /* LaunchScreen.storyboard */; };
		183E5B002249BC3000F7309E /* LoginController.swift in Sources */ = {isa = PBXBuildFile; fileRef = 183E5AFF2249BC3000F7309E /* LoginController.swift */; };
		183E5B022249BC5E00F7309E /* SignUpController.swift in Sources */ = {isa = PBXBuildFile; fileRef = 183E5B012249BC5E00F7309E /* SignUpController.swift */; };
		183E5B062249BCAB00F7309E /* Extentions.swift in Sources */ = {isa = PBXBuildFile; fileRef = 183E5B052249BCAB00F7309E /* Extentions.swift */; };
		183E5B0A2249DDD900F7309E /* GoogleService-Info.plist in Resources */ = {isa = PBXBuildFile; fileRef = 183E5B092249DDD900F7309E /* GoogleService-Info.plist */; };
		1847E5EC2289283900CC7282 /* OwnedImageView.storyboard in Resources */ = {isa = PBXBuildFile; fileRef = 1847E5EB2289283900CC7282 /* OwnedImageView.storyboard */; };
		1847E5EE2289295800CC7282 /* OwnedImageViewController.swift in Sources */ = {isa = PBXBuildFile; fileRef = 1847E5ED2289295800CC7282 /* OwnedImageViewController.swift */; };
		1897EA862274703F00C0B1FB /* DeleteAccountView.swift in Sources */ = {isa = PBXBuildFile; fileRef = 1897EA852274703F00C0B1FB /* DeleteAccountView.swift */; };
		1897EA88227471DC00C0B1FB /* DeleteAccountController.swift in Sources */ = {isa = PBXBuildFile; fileRef = 1897EA87227471DC00C0B1FB /* DeleteAccountController.swift */; };
		189A2434226C272A0017CA03 /* Sharing.storyboard in Resources */ = {isa = PBXBuildFile; fileRef = 189A2433226C272A0017CA03 /* Sharing.storyboard */; };
		18C6BADF226DA6BF00C29F4F /* AlertService.swift in Sources */ = {isa = PBXBuildFile; fileRef = 18C6BADE226DA6BF00C29F4F /* AlertService.swift */; };
		18C9FF4B22605A2F0003B347 /* CellWithButton.swift in Sources */ = {isa = PBXBuildFile; fileRef = 18C9FF4A22605A2F0003B347 /* CellWithButton.swift */; };
		18CBCDA9224C650700420484 /* GenericView.swift in Sources */ = {isa = PBXBuildFile; fileRef = 18CBCDA8224C650700420484 /* GenericView.swift */; };
		18CBCDAB224C65BB00420484 /* LogInView.swift in Sources */ = {isa = PBXBuildFile; fileRef = 18CBCDAA224C65BB00420484 /* LogInView.swift */; };
		18CBCDAD224C65C800420484 /* SignUpView.swift in Sources */ = {isa = PBXBuildFile; fileRef = 18CBCDAC224C65C800420484 /* SignUpView.swift */; };
		18CBCDB1224C6A2300420484 /* GenericViewController.swift in Sources */ = {isa = PBXBuildFile; fileRef = 18CBCDB0224C6A2300420484 /* GenericViewController.swift */; };
		18D8393B2277E40000D4BBB8 /* EditPermission.storyboard in Resources */ = {isa = PBXBuildFile; fileRef = 18D8393A2277E40000D4BBB8 /* EditPermission.storyboard */; };
		18D8393D2277E41900D4BBB8 /* EditPermissionController.swift in Sources */ = {isa = PBXBuildFile; fileRef = 18D8393C2277E41900D4BBB8 /* EditPermissionController.swift */; };
		18F0E259225F39380021A240 /* ShareController.swift in Sources */ = {isa = PBXBuildFile; fileRef = 18F0E258225F39380021A240 /* ShareController.swift */; };
		18F0E25B225F3AFC0021A240 /* User.swift in Sources */ = {isa = PBXBuildFile; fileRef = 18F0E25A225F3AFC0021A240 /* User.swift */; };
		18F9E9E4225064B8003F09DA /* ForgotPasswordView.swift in Sources */ = {isa = PBXBuildFile; fileRef = 18F9E9E3225064B8003F09DA /* ForgotPasswordView.swift */; };
		18F9E9E6225066BA003F09DA /* ForgotPasswordController.swift in Sources */ = {isa = PBXBuildFile; fileRef = 18F9E9E5225066BA003F09DA /* ForgotPasswordController.swift */; };
		313270EF0AF61EB93CA099C9 /* Pods_AwesomePhotos.framework in Frameworks */ = {isa = PBXBuildFile; fileRef = 76BCC0AC2DDF9DD473DD0E18 /* Pods_AwesomePhotos.framework */; };
		5D10BA152266D5BD0011237D /* DownloadImageViewController.swift in Sources */ = {isa = PBXBuildFile; fileRef = 5D10BA112266D5BB0011237D /* DownloadImageViewController.swift */; };
		5D10BA162266D5BD0011237D /* PreviewImageViewController.swift in Sources */ = {isa = PBXBuildFile; fileRef = 5D10BA122266D5BD0011237D /* PreviewImageViewController.swift */; };
		5D10BA1A2266D6BB0011237D /* CameraViewController.swift in Sources */ = {isa = PBXBuildFile; fileRef = 5D10BA192266D6BB0011237D /* CameraViewController.swift */; };
		5D10BA322266DC7D0011237D /* RoundButton.swift in Sources */ = {isa = PBXBuildFile; fileRef = 5D10BA302266DC7D0011237D /* RoundButton.swift */; };
		5D10BA332266DC7D0011237D /* VideoStopwatch.swift in Sources */ = {isa = PBXBuildFile; fileRef = 5D10BA312266DC7D0011237D /* VideoStopwatch.swift */; };
		5DA8C6AA226B057800E6FE21 /* VideoViewController.swift in Sources */ = {isa = PBXBuildFile; fileRef = 5DA8C6A9226B057800E6FE21 /* VideoViewController.swift */; };
		5DEDE8972272EF7D00BAF1D2 /* VideoPreviewViewController.swift in Sources */ = {isa = PBXBuildFile; fileRef = 5DEDE8962272EF7D00BAF1D2 /* VideoPreviewViewController.swift */; };
		879706322265B1610036FA2B /* FirebaseFunctions.swift in Sources */ = {isa = PBXBuildFile; fileRef = 879706312265B1610036FA2B /* FirebaseFunctions.swift */; };
		879706342265B2870036FA2B /* Photo.swift in Sources */ = {isa = PBXBuildFile; fileRef = 879706332265B2870036FA2B /* Photo.swift */; };
		879706362265D6B60036FA2B /* Constant.swift in Sources */ = {isa = PBXBuildFile; fileRef = 879706352265D6B60036FA2B /* Constant.swift */; };
		C4225EB02284889C00D18815 /* DefaultsKeys.swift in Sources */ = {isa = PBXBuildFile; fileRef = C4225EAF2284889C00D18815 /* DefaultsKeys.swift */; };
		C47B15642282C94700466CB8 /* Camera.storyboard in Resources */ = {isa = PBXBuildFile; fileRef = C47B15632282C94700466CB8 /* Camera.storyboard */; };
		C4BDC29F227ECC9200596D67 /* SettingsCell.swift in Sources */ = {isa = PBXBuildFile; fileRef = C4BDC29E227ECC9200596D67 /* SettingsCell.swift */; };
		C4BDC2A1227ECCA600596D67 /* CustomTotalButtons.swift in Sources */ = {isa = PBXBuildFile; fileRef = C4BDC2A0227ECCA600596D67 /* CustomTotalButtons.swift */; };
		C4BDC2A32280001300596D67 /* ProfileView.swift in Sources */ = {isa = PBXBuildFile; fileRef = C4BDC2A22280001300596D67 /* ProfileView.swift */; };
		C4BDC2AE2280074000596D67 /* SettingsViewController.swift in Sources */ = {isa = PBXBuildFile; fileRef = C4BDC2AC2280073F00596D67 /* SettingsViewController.swift */; };
		C4BDC2AF2280074000596D67 /* SettingsSection.swift in Sources */ = {isa = PBXBuildFile; fileRef = C4BDC2AD2280074000596D67 /* SettingsSection.swift */; };
		C4BDC2B22280075F00596D67 /* ProfileViewController.swift in Sources */ = {isa = PBXBuildFile; fileRef = C4BDC2B02280075E00596D67 /* ProfileViewController.swift */; };
		CE2250D4227C11D500C7322A /* TabBarController.swift in Sources */ = {isa = PBXBuildFile; fileRef = CE2250D3227C11D500C7322A /* TabBarController.swift */; };
		CE2250D6227C147B00C7322A /* LibraryCollectionViewCell.swift in Sources */ = {isa = PBXBuildFile; fileRef = CE2250D5227C147B00C7322A /* LibraryCollectionViewCell.swift */; };
		CE2250D8227C161100C7322A /* CustomButton.swift in Sources */ = {isa = PBXBuildFile; fileRef = CE2250D7227C161100C7322A /* CustomButton.swift */; };
		CE2250D9227C261F00C7322A /* TabBar.storyboard in Resources */ = {isa = PBXBuildFile; fileRef = CE2250DB227C261F00C7322A /* TabBar.storyboard */; };
		CE837289228735C10022F782 /* EditProfileViewController.swift in Sources */ = {isa = PBXBuildFile; fileRef = CE837288228735C10022F782 /* EditProfileViewController.swift */; };
		CE83728B2287387F0022F782 /* EditProfileView.swift in Sources */ = {isa = PBXBuildFile; fileRef = CE83728A2287387F0022F782 /* EditProfileView.swift */; };
/* End PBXBuildFile section */

/* Begin PBXFileReference section */
		182060BC226EB1DB0058ACAA /* CustomAlertController.storyboard */ = {isa = PBXFileReference; lastKnownFileType = file.storyboard; path = CustomAlertController.storyboard; sourceTree = "<group>"; };
		182060BF226EB8C40058ACAA /* CustomAlertController.swift */ = {isa = PBXFileReference; lastKnownFileType = sourcecode.swift; path = CustomAlertController.swift; sourceTree = "<group>"; };
		183E5AEA2249BBC100F7309E /* AwesomePhotos.app */ = {isa = PBXFileReference; explicitFileType = wrapper.application; includeInIndex = 0; path = AwesomePhotos.app; sourceTree = BUILT_PRODUCTS_DIR; };
		183E5AED2249BBC100F7309E /* AppDelegate.swift */ = {isa = PBXFileReference; lastKnownFileType = sourcecode.swift; path = AppDelegate.swift; sourceTree = "<group>"; };
		183E5AF22249BBC100F7309E /* Base */ = {isa = PBXFileReference; lastKnownFileType = file.storyboard; name = Base; path = Base.lproj/Main.storyboard; sourceTree = "<group>"; };
		183E5AF42249BBC200F7309E /* Assets.xcassets */ = {isa = PBXFileReference; lastKnownFileType = folder.assetcatalog; path = Assets.xcassets; sourceTree = "<group>"; };
		183E5AF72249BBC200F7309E /* Base */ = {isa = PBXFileReference; lastKnownFileType = file.storyboard; name = Base; path = Base.lproj/LaunchScreen.storyboard; sourceTree = "<group>"; };
		183E5AF92249BBC200F7309E /* Info.plist */ = {isa = PBXFileReference; lastKnownFileType = text.plist.xml; path = Info.plist; sourceTree = "<group>"; };
		183E5AFF2249BC3000F7309E /* LoginController.swift */ = {isa = PBXFileReference; lastKnownFileType = sourcecode.swift; path = LoginController.swift; sourceTree = "<group>"; };
		183E5B012249BC5E00F7309E /* SignUpController.swift */ = {isa = PBXFileReference; lastKnownFileType = sourcecode.swift; path = SignUpController.swift; sourceTree = "<group>"; };
		183E5B052249BCAB00F7309E /* Extentions.swift */ = {isa = PBXFileReference; lastKnownFileType = sourcecode.swift; path = Extentions.swift; sourceTree = "<group>"; };
		183E5B092249DDD900F7309E /* GoogleService-Info.plist */ = {isa = PBXFileReference; fileEncoding = 4; lastKnownFileType = text.plist.xml; path = "GoogleService-Info.plist"; sourceTree = "<group>"; };
		1847E5EB2289283900CC7282 /* OwnedImageView.storyboard */ = {isa = PBXFileReference; lastKnownFileType = file.storyboard; path = OwnedImageView.storyboard; sourceTree = "<group>"; };
		1847E5ED2289295800CC7282 /* OwnedImageViewController.swift */ = {isa = PBXFileReference; lastKnownFileType = sourcecode.swift; path = OwnedImageViewController.swift; sourceTree = "<group>"; };
		1897EA852274703F00C0B1FB /* DeleteAccountView.swift */ = {isa = PBXFileReference; lastKnownFileType = sourcecode.swift; path = DeleteAccountView.swift; sourceTree = "<group>"; };
		1897EA87227471DC00C0B1FB /* DeleteAccountController.swift */ = {isa = PBXFileReference; lastKnownFileType = sourcecode.swift; path = DeleteAccountController.swift; sourceTree = "<group>"; };
		189A2433226C272A0017CA03 /* Sharing.storyboard */ = {isa = PBXFileReference; lastKnownFileType = file.storyboard; path = Sharing.storyboard; sourceTree = "<group>"; };
		18C6BADE226DA6BF00C29F4F /* AlertService.swift */ = {isa = PBXFileReference; lastKnownFileType = sourcecode.swift; path = AlertService.swift; sourceTree = "<group>"; };
		18C9FF4A22605A2F0003B347 /* CellWithButton.swift */ = {isa = PBXFileReference; lastKnownFileType = sourcecode.swift; path = CellWithButton.swift; sourceTree = "<group>"; };
		18CBCDA8224C650700420484 /* GenericView.swift */ = {isa = PBXFileReference; lastKnownFileType = sourcecode.swift; path = GenericView.swift; sourceTree = "<group>"; };
		18CBCDAA224C65BB00420484 /* LogInView.swift */ = {isa = PBXFileReference; lastKnownFileType = sourcecode.swift; path = LogInView.swift; sourceTree = "<group>"; };
		18CBCDAC224C65C800420484 /* SignUpView.swift */ = {isa = PBXFileReference; lastKnownFileType = sourcecode.swift; path = SignUpView.swift; sourceTree = "<group>"; };
		18CBCDB0224C6A2300420484 /* GenericViewController.swift */ = {isa = PBXFileReference; lastKnownFileType = sourcecode.swift; path = GenericViewController.swift; sourceTree = "<group>"; };
		18D8393A2277E40000D4BBB8 /* EditPermission.storyboard */ = {isa = PBXFileReference; lastKnownFileType = file.storyboard; path = EditPermission.storyboard; sourceTree = "<group>"; };
		18D8393C2277E41900D4BBB8 /* EditPermissionController.swift */ = {isa = PBXFileReference; lastKnownFileType = sourcecode.swift; path = EditPermissionController.swift; sourceTree = "<group>"; };
		18F0E258225F39380021A240 /* ShareController.swift */ = {isa = PBXFileReference; lastKnownFileType = sourcecode.swift; path = ShareController.swift; sourceTree = "<group>"; };
		18F0E25A225F3AFC0021A240 /* User.swift */ = {isa = PBXFileReference; fileEncoding = 4; lastKnownFileType = sourcecode.swift; path = User.swift; sourceTree = "<group>"; };
		18F9E9E3225064B8003F09DA /* ForgotPasswordView.swift */ = {isa = PBXFileReference; lastKnownFileType = sourcecode.swift; path = ForgotPasswordView.swift; sourceTree = "<group>"; };
		18F9E9E5225066BA003F09DA /* ForgotPasswordController.swift */ = {isa = PBXFileReference; lastKnownFileType = sourcecode.swift; path = ForgotPasswordController.swift; sourceTree = "<group>"; };
		25883CC4C68DB5A454A250F7 /* Pods-AwesomePhotos.debug.xcconfig */ = {isa = PBXFileReference; includeInIndex = 1; lastKnownFileType = text.xcconfig; name = "Pods-AwesomePhotos.debug.xcconfig"; path = "Target Support Files/Pods-AwesomePhotos/Pods-AwesomePhotos.debug.xcconfig"; sourceTree = "<group>"; };
		5D10BA112266D5BB0011237D /* DownloadImageViewController.swift */ = {isa = PBXFileReference; fileEncoding = 4; lastKnownFileType = sourcecode.swift; path = DownloadImageViewController.swift; sourceTree = "<group>"; };
		5D10BA122266D5BD0011237D /* PreviewImageViewController.swift */ = {isa = PBXFileReference; fileEncoding = 4; lastKnownFileType = sourcecode.swift; path = PreviewImageViewController.swift; sourceTree = "<group>"; };
		5D10BA192266D6BB0011237D /* CameraViewController.swift */ = {isa = PBXFileReference; lastKnownFileType = sourcecode.swift; path = CameraViewController.swift; sourceTree = "<group>"; };
		5D10BA302266DC7D0011237D /* RoundButton.swift */ = {isa = PBXFileReference; fileEncoding = 4; lastKnownFileType = sourcecode.swift; path = RoundButton.swift; sourceTree = "<group>"; };
		5D10BA312266DC7D0011237D /* VideoStopwatch.swift */ = {isa = PBXFileReference; fileEncoding = 4; lastKnownFileType = sourcecode.swift; path = VideoStopwatch.swift; sourceTree = "<group>"; };
		5DA8C6A9226B057800E6FE21 /* VideoViewController.swift */ = {isa = PBXFileReference; fileEncoding = 4; lastKnownFileType = sourcecode.swift; path = VideoViewController.swift; sourceTree = "<group>"; };
		5DEDE8962272EF7D00BAF1D2 /* VideoPreviewViewController.swift */ = {isa = PBXFileReference; fileEncoding = 4; lastKnownFileType = sourcecode.swift; path = VideoPreviewViewController.swift; sourceTree = "<group>"; };
		76BCC0AC2DDF9DD473DD0E18 /* Pods_AwesomePhotos.framework */ = {isa = PBXFileReference; explicitFileType = wrapper.framework; includeInIndex = 0; path = Pods_AwesomePhotos.framework; sourceTree = BUILT_PRODUCTS_DIR; };
		81C80856E829A27F51A5C577 /* Pods-AwesomePhotos.release.xcconfig */ = {isa = PBXFileReference; includeInIndex = 1; lastKnownFileType = text.xcconfig; name = "Pods-AwesomePhotos.release.xcconfig"; path = "Target Support Files/Pods-AwesomePhotos/Pods-AwesomePhotos.release.xcconfig"; sourceTree = "<group>"; };
		879706312265B1610036FA2B /* FirebaseFunctions.swift */ = {isa = PBXFileReference; lastKnownFileType = sourcecode.swift; path = FirebaseFunctions.swift; sourceTree = "<group>"; };
		879706332265B2870036FA2B /* Photo.swift */ = {isa = PBXFileReference; lastKnownFileType = sourcecode.swift; path = Photo.swift; sourceTree = "<group>"; };
		879706352265D6B60036FA2B /* Constant.swift */ = {isa = PBXFileReference; lastKnownFileType = sourcecode.swift; path = Constant.swift; sourceTree = "<group>"; };
		C4225EAF2284889C00D18815 /* DefaultsKeys.swift */ = {isa = PBXFileReference; lastKnownFileType = sourcecode.swift; path = DefaultsKeys.swift; sourceTree = "<group>"; };
		C47B15632282C94700466CB8 /* Camera.storyboard */ = {isa = PBXFileReference; fileEncoding = 4; lastKnownFileType = file.storyboard; path = Camera.storyboard; sourceTree = "<group>"; };
		C4BDC29E227ECC9200596D67 /* SettingsCell.swift */ = {isa = PBXFileReference; lastKnownFileType = sourcecode.swift; name = SettingsCell.swift; path = ../../Controllers/Settings/SettingsCell.swift; sourceTree = "<group>"; };
		C4BDC2A0227ECCA600596D67 /* CustomTotalButtons.swift */ = {isa = PBXFileReference; lastKnownFileType = sourcecode.swift; path = CustomTotalButtons.swift; sourceTree = "<group>"; };
		C4BDC2A22280001300596D67 /* ProfileView.swift */ = {isa = PBXFileReference; lastKnownFileType = sourcecode.swift; path = ProfileView.swift; sourceTree = "<group>"; };
		C4BDC2AC2280073F00596D67 /* SettingsViewController.swift */ = {isa = PBXFileReference; fileEncoding = 4; lastKnownFileType = sourcecode.swift; path = SettingsViewController.swift; sourceTree = "<group>"; };
		C4BDC2AD2280074000596D67 /* SettingsSection.swift */ = {isa = PBXFileReference; fileEncoding = 4; lastKnownFileType = sourcecode.swift; path = SettingsSection.swift; sourceTree = "<group>"; };
		C4BDC2B02280075E00596D67 /* ProfileViewController.swift */ = {isa = PBXFileReference; fileEncoding = 4; lastKnownFileType = sourcecode.swift; path = ProfileViewController.swift; sourceTree = "<group>"; };
		CE2250D3227C11D500C7322A /* TabBarController.swift */ = {isa = PBXFileReference; lastKnownFileType = sourcecode.swift; path = TabBarController.swift; sourceTree = "<group>"; };
		CE2250D5227C147B00C7322A /* LibraryCollectionViewCell.swift */ = {isa = PBXFileReference; lastKnownFileType = sourcecode.swift; path = LibraryCollectionViewCell.swift; sourceTree = "<group>"; };
		CE2250D7227C161100C7322A /* CustomButton.swift */ = {isa = PBXFileReference; fileEncoding = 4; lastKnownFileType = sourcecode.swift; path = CustomButton.swift; sourceTree = "<group>"; };
		CE2250DA227C261F00C7322A /* Base */ = {isa = PBXFileReference; lastKnownFileType = file.storyboard; name = Base; path = Base.lproj/TabBar.storyboard; sourceTree = "<group>"; };
		CE837288228735C10022F782 /* EditProfileViewController.swift */ = {isa = PBXFileReference; lastKnownFileType = sourcecode.swift; path = EditProfileViewController.swift; sourceTree = "<group>"; };
		CE83728A2287387F0022F782 /* EditProfileView.swift */ = {isa = PBXFileReference; lastKnownFileType = sourcecode.swift; path = EditProfileView.swift; sourceTree = "<group>"; };
/* End PBXFileReference section */

/* Begin PBXFrameworksBuildPhase section */
		183E5AE72249BBC100F7309E /* Frameworks */ = {
			isa = PBXFrameworksBuildPhase;
			buildActionMask = 2147483647;
			files = (
				313270EF0AF61EB93CA099C9 /* Pods_AwesomePhotos.framework in Frameworks */,
			);
			runOnlyForDeploymentPostprocessing = 0;
		};
/* End PBXFrameworksBuildPhase section */

/* Begin PBXGroup section */
		182060BE226EB2310058ACAA /* UI */ = {
			isa = PBXGroup;
			children = (
				182060BF226EB8C40058ACAA /* CustomAlertController.swift */,
			);
			path = UI;
			sourceTree = "<group>";
		};
		183E5AE12249BBC100F7309E = {
			isa = PBXGroup;
			children = (
				183E5AEC2249BBC100F7309E /* AwesomePhotos */,
				183E5AEB2249BBC100F7309E /* Products */,
				5F52CD847736A41FC2177DA3 /* Pods */,
				6BBB25D5760625FD2F9012E3 /* Frameworks */,
			);
			sourceTree = "<group>";
		};
		183E5AEB2249BBC100F7309E /* Products */ = {
			isa = PBXGroup;
			children = (
				183E5AEA2249BBC100F7309E /* AwesomePhotos.app */,
			);
			name = Products;
			sourceTree = "<group>";
		};
		183E5AEC2249BBC100F7309E /* AwesomePhotos */ = {
			isa = PBXGroup;
			children = (
				5D10BA1B2266D7620011237D /* Storyboards */,
				18CBCDA5224C647500420484 /* Views */,
				18CBCDA7224C648E00420484 /* Controllers */,
				189A2435226C27670017CA03 /* Global */,
				18C9FF49226043BB0003B347 /* Models */,
				183E5AED2249BBC100F7309E /* AppDelegate.swift */,
				183E5AF12249BBC100F7309E /* Main.storyboard */,
				183E5AF42249BBC200F7309E /* Assets.xcassets */,
				183E5AF62249BBC200F7309E /* LaunchScreen.storyboard */,
				183E5B092249DDD900F7309E /* GoogleService-Info.plist */,
				183E5AF92249BBC200F7309E /* Info.plist */,
			);
			path = AwesomePhotos;
			sourceTree = "<group>";
		};
		189A242D226C25F70017CA03 /* Generics */ = {
			isa = PBXGroup;
			children = (
				18CBCDA8224C650700420484 /* GenericView.swift */,
				18CBCDB0224C6A2300420484 /* GenericViewController.swift */,
			);
			path = Generics;
			sourceTree = "<group>";
		};
		189A242E226C26A00017CA03 /* Authentication */ = {
			isa = PBXGroup;
			children = (
				183E5B012249BC5E00F7309E /* SignUpController.swift */,
				18F9E9E5225066BA003F09DA /* ForgotPasswordController.swift */,
				183E5AFF2249BC3000F7309E /* LoginController.swift */,
				1897EA87227471DC00C0B1FB /* DeleteAccountController.swift */,
			);
			path = Authentication;
			sourceTree = "<group>";
		};
		189A242F226C26B90017CA03 /* Sharing */ = {
			isa = PBXGroup;
			children = (
				18F0E258225F39380021A240 /* ShareController.swift */,
				18D8393C2277E41900D4BBB8 /* EditPermissionController.swift */,
			);
			path = Sharing;
			sourceTree = "<group>";
		};
		189A2430226C26CB0017CA03 /* Home */ = {
			isa = PBXGroup;
			children = (
				CE2250D7227C161100C7322A /* CustomButton.swift */,
				CE2250D3227C11D500C7322A /* TabBarController.swift */,
				CE2250D5227C147B00C7322A /* LibraryCollectionViewCell.swift */,
			);
			path = Home;
			sourceTree = "<group>";
		};
		189A2431226C26DE0017CA03 /* Authentication */ = {
			isa = PBXGroup;
			children = (
				18CBCDAA224C65BB00420484 /* LogInView.swift */,
				18CBCDAC224C65C800420484 /* SignUpView.swift */,
				18F9E9E3225064B8003F09DA /* ForgotPasswordView.swift */,
				1897EA852274703F00C0B1FB /* DeleteAccountView.swift */,
			);
			path = Authentication;
			sourceTree = "<group>";
		};
		189A2435226C27670017CA03 /* Global */ = {
			isa = PBXGroup;
			children = (
				879706352265D6B60036FA2B /* Constant.swift */,
				C4225EAF2284889C00D18815 /* DefaultsKeys.swift */,
				183E5B052249BCAB00F7309E /* Extentions.swift */,
				879706302265B1330036FA2B /* Functions */,
				5D10BA2F2266DC5F0011237D /* Design */,
				189A242D226C25F70017CA03 /* Generics */,
			);
			path = Global;
			sourceTree = "<group>";
		};
		18C9FF49226043BB0003B347 /* Models */ = {
			isa = PBXGroup;
			children = (
				18F0E25A225F3AFC0021A240 /* User.swift */,
				879706332265B2870036FA2B /* Photo.swift */,
			);
			path = Models;
			sourceTree = "<group>";
		};
		18CBCDA5224C647500420484 /* Views */ = {
			isa = PBXGroup;
			children = (
				C49A6DD622803BB400AB41B2 /* Profile */,
				189A2431226C26DE0017CA03 /* Authentication */,
			);
			path = Views;
			sourceTree = "<group>";
		};
		18CBCDA7224C648E00420484 /* Controllers */ = {
			isa = PBXGroup;
			children = (
				C4BDC291227ECBB800596D67 /* Profile */,
				C4BDC290227ECBAC00596D67 /* Settings */,
				182060BE226EB2310058ACAA /* UI */,
				189A2430226C26CB0017CA03 /* Home */,
				189A242F226C26B90017CA03 /* Sharing */,
				189A242E226C26A00017CA03 /* Authentication */,
				5D10BA182266D64C0011237D /* Camera */,
				5D10BA172266D63C0011237D /* Video */,
				1847E5ED2289295800CC7282 /* OwnedImageViewController.swift */,
			);
			path = Controllers;
			sourceTree = "<group>";
		};
		18D8393E2277E47000D4BBB8 /* Camera */ = {
			isa = PBXGroup;
			children = (
				C47B15632282C94700466CB8 /* Camera.storyboard */,
			);
			path = Camera;
			sourceTree = "<group>";
		};
		18D8393F2277E47D00D4BBB8 /* Sharing */ = {
			isa = PBXGroup;
			children = (
				189A2433226C272A0017CA03 /* Sharing.storyboard */,
				18D8393A2277E40000D4BBB8 /* EditPermission.storyboard */,
			);
			path = Sharing;
			sourceTree = "<group>";
		};
		18D839422277E4AB00D4BBB8 /* Alert */ = {
			isa = PBXGroup;
			children = (
				182060BC226EB1DB0058ACAA /* CustomAlertController.storyboard */,
			);
			path = Alert;
			sourceTree = "<group>";
		};
		18DDB8B1227D225400C07950 /* Home */ = {
			isa = PBXGroup;
			children = (
				CE2250DB227C261F00C7322A /* TabBar.storyboard */,
			);
			path = Home;
			sourceTree = "<group>";
		};
		5D10BA172266D63C0011237D /* Video */ = {
			isa = PBXGroup;
			children = (
				5DEDE8962272EF7D00BAF1D2 /* VideoPreviewViewController.swift */,
				5DA8C6A9226B057800E6FE21 /* VideoViewController.swift */,
				5D10BA312266DC7D0011237D /* VideoStopwatch.swift */,
			);
			path = Video;
			sourceTree = "<group>";
		};
		5D10BA182266D64C0011237D /* Camera */ = {
			isa = PBXGroup;
			children = (
				5D10BA112266D5BB0011237D /* DownloadImageViewController.swift */,
				5D10BA122266D5BD0011237D /* PreviewImageViewController.swift */,
				5D10BA192266D6BB0011237D /* CameraViewController.swift */,
			);
			path = Camera;
			sourceTree = "<group>";
		};
		5D10BA1B2266D7620011237D /* Storyboards */ = {
			isa = PBXGroup;
			children = (
				18DDB8B1227D225400C07950 /* Home */,
				18D839422277E4AB00D4BBB8 /* Alert */,
				18D8393F2277E47D00D4BBB8 /* Sharing */,
				18D8393E2277E47000D4BBB8 /* Camera */,
				1847E5EB2289283900CC7282 /* OwnedImageView.storyboard */,
			);
			path = Storyboards;
			sourceTree = "<group>";
		};
		5D10BA2F2266DC5F0011237D /* Design */ = {
			isa = PBXGroup;
			children = (
				C4BDC29E227ECC9200596D67 /* SettingsCell.swift */,
				5D10BA302266DC7D0011237D /* RoundButton.swift */,
				C4BDC2A0227ECCA600596D67 /* CustomTotalButtons.swift */,
				18C9FF4A22605A2F0003B347 /* CellWithButton.swift */,
			);
			path = Design;
			sourceTree = "<group>";
		};
		5F52CD847736A41FC2177DA3 /* Pods */ = {
			isa = PBXGroup;
			children = (
				25883CC4C68DB5A454A250F7 /* Pods-AwesomePhotos.debug.xcconfig */,
				81C80856E829A27F51A5C577 /* Pods-AwesomePhotos.release.xcconfig */,
			);
			path = Pods;
			sourceTree = "<group>";
		};
		6BBB25D5760625FD2F9012E3 /* Frameworks */ = {
			isa = PBXGroup;
			children = (
				76BCC0AC2DDF9DD473DD0E18 /* Pods_AwesomePhotos.framework */,
			);
			name = Frameworks;
			sourceTree = "<group>";
		};
		879706302265B1330036FA2B /* Functions */ = {
			isa = PBXGroup;
			children = (
				879706312265B1610036FA2B /* FirebaseFunctions.swift */,
				18C6BADE226DA6BF00C29F4F /* AlertService.swift */,
			);
			path = Functions;
			sourceTree = "<group>";
		};
		C49A6DD622803BB400AB41B2 /* Profile */ = {
			isa = PBXGroup;
			children = (
				C4BDC2A22280001300596D67 /* ProfileView.swift */,
				CE83728A2287387F0022F782 /* EditProfileView.swift */,
			);
			path = Profile;
			sourceTree = "<group>";
		};
		C4BDC290227ECBAC00596D67 /* Settings */ = {
			isa = PBXGroup;
			children = (
				C4BDC2AD2280074000596D67 /* SettingsSection.swift */,
				C4BDC2AC2280073F00596D67 /* SettingsViewController.swift */,
			);
			path = Settings;
			sourceTree = "<group>";
		};
		C4BDC291227ECBB800596D67 /* Profile */ = {
			isa = PBXGroup;
			children = (
				C4BDC2B02280075E00596D67 /* ProfileViewController.swift */,
				CE837288228735C10022F782 /* EditProfileViewController.swift */,
			);
			path = Profile;
			sourceTree = "<group>";
		};
/* End PBXGroup section */

/* Begin PBXNativeTarget section */
		183E5AE92249BBC100F7309E /* AwesomePhotos */ = {
			isa = PBXNativeTarget;
			buildConfigurationList = 183E5AFC2249BBC200F7309E /* Build configuration list for PBXNativeTarget "AwesomePhotos" */;
			buildPhases = (
				324494E4C0D4629AE4D6F580 /* [CP] Check Pods Manifest.lock */,
				183E5AE62249BBC100F7309E /* Sources */,
				183E5AE72249BBC100F7309E /* Frameworks */,
				183E5AE82249BBC100F7309E /* Resources */,
				AF3FAE61F2ACC54D81BC6CBC /* [CP] Embed Pods Frameworks */,
			);
			buildRules = (
			);
			dependencies = (
			);
			name = AwesomePhotos;
			productName = AwesomePhotos;
			productReference = 183E5AEA2249BBC100F7309E /* AwesomePhotos.app */;
			productType = "com.apple.product-type.application";
		};
/* End PBXNativeTarget section */

/* Begin PBXProject section */
		183E5AE22249BBC100F7309E /* Project object */ = {
			isa = PBXProject;
			attributes = {
				LastSwiftUpdateCheck = 1010;
				LastUpgradeCheck = 1010;
				ORGANIZATIONNAME = "";
				TargetAttributes = {
					183E5AE92249BBC100F7309E = {
						CreatedOnToolsVersion = 10.1;
						LastSwiftMigration = 1020;
					};
				};
			};
			buildConfigurationList = 183E5AE52249BBC100F7309E /* Build configuration list for PBXProject "AwesomePhotos" */;
			compatibilityVersion = "Xcode 9.3";
			developmentRegion = en;
			hasScannedForEncodings = 0;
			knownRegions = (
				en,
				Base,
			);
			mainGroup = 183E5AE12249BBC100F7309E;
			productRefGroup = 183E5AEB2249BBC100F7309E /* Products */;
			projectDirPath = "";
			projectRoot = "";
			targets = (
				183E5AE92249BBC100F7309E /* AwesomePhotos */,
			);
		};
/* End PBXProject section */

/* Begin PBXResourcesBuildPhase section */
		183E5AE82249BBC100F7309E /* Resources */ = {
			isa = PBXResourcesBuildPhase;
			buildActionMask = 2147483647;
			files = (
				CE2250D9227C261F00C7322A /* TabBar.storyboard in Resources */,
				183E5AF82249BBC200F7309E /* LaunchScreen.storyboard in Resources */,
				183E5B0A2249DDD900F7309E /* GoogleService-Info.plist in Resources */,
				182060BD226EB1DB0058ACAA /* CustomAlertController.storyboard in Resources */,
				183E5AF52249BBC200F7309E /* Assets.xcassets in Resources */,
				189A2434226C272A0017CA03 /* Sharing.storyboard in Resources */,
				183E5AF32249BBC100F7309E /* Main.storyboard in Resources */,
				1847E5EC2289283900CC7282 /* OwnedImageView.storyboard in Resources */,
				C47B15642282C94700466CB8 /* Camera.storyboard in Resources */,
				18D8393B2277E40000D4BBB8 /* EditPermission.storyboard in Resources */,
			);
			runOnlyForDeploymentPostprocessing = 0;
		};
/* End PBXResourcesBuildPhase section */

/* Begin PBXShellScriptBuildPhase section */
		324494E4C0D4629AE4D6F580 /* [CP] Check Pods Manifest.lock */ = {
			isa = PBXShellScriptBuildPhase;
			buildActionMask = 2147483647;
			files = (
			);
			inputFileListPaths = (
			);
			inputPaths = (
				"${PODS_PODFILE_DIR_PATH}/Podfile.lock",
				"${PODS_ROOT}/Manifest.lock",
			);
			name = "[CP] Check Pods Manifest.lock";
			outputFileListPaths = (
			);
			outputPaths = (
				"$(DERIVED_FILE_DIR)/Pods-AwesomePhotos-checkManifestLockResult.txt",
			);
			runOnlyForDeploymentPostprocessing = 0;
			shellPath = /bin/sh;
			shellScript = "diff \"${PODS_PODFILE_DIR_PATH}/Podfile.lock\" \"${PODS_ROOT}/Manifest.lock\" > /dev/null\nif [ $? != 0 ] ; then\n    # print error to STDERR\n    echo \"error: The sandbox is not in sync with the Podfile.lock. Run 'pod install' or update your CocoaPods installation.\" >&2\n    exit 1\nfi\n# This output is used by Xcode 'outputs' to avoid re-running this script phase.\necho \"SUCCESS\" > \"${SCRIPT_OUTPUT_FILE_0}\"\n";
			showEnvVarsInLog = 0;
		};
		AF3FAE61F2ACC54D81BC6CBC /* [CP] Embed Pods Frameworks */ = {
			isa = PBXShellScriptBuildPhase;
			buildActionMask = 2147483647;
			files = (
			);
			inputFileListPaths = (
			);
			inputPaths = (
				"${PODS_ROOT}/Target Support Files/Pods-AwesomePhotos/Pods-AwesomePhotos-frameworks.sh",
				"${BUILT_PRODUCTS_DIR}/BoringSSL-GRPC/openssl_grpc.framework",
				"${BUILT_PRODUCTS_DIR}/GTMSessionFetcher/GTMSessionFetcher.framework",
				"${BUILT_PRODUCTS_DIR}/GoogleUtilities/GoogleUtilities.framework",
				"${BUILT_PRODUCTS_DIR}/MediaWatermark/MediaWatermark.framework",
				"${BUILT_PRODUCTS_DIR}/Protobuf/Protobuf.framework",
				"${BUILT_PRODUCTS_DIR}/RxCocoa/RxCocoa.framework",
				"${BUILT_PRODUCTS_DIR}/RxRelay/RxRelay.framework",
				"${BUILT_PRODUCTS_DIR}/RxSwift/RxSwift.framework",
				"${BUILT_PRODUCTS_DIR}/SDWebImage/SDWebImage.framework",
				"${BUILT_PRODUCTS_DIR}/SnapKit/SnapKit.framework",
				"${BUILT_PRODUCTS_DIR}/TextFieldEffects/TextFieldEffects.framework",
				"${BUILT_PRODUCTS_DIR}/gRPC-C++/grpcpp.framework",
				"${BUILT_PRODUCTS_DIR}/gRPC-Core/grpc.framework",
				"${BUILT_PRODUCTS_DIR}/leveldb-library/leveldb.framework",
				"${BUILT_PRODUCTS_DIR}/nanopb/nanopb.framework",
			);
			name = "[CP] Embed Pods Frameworks";
			outputFileListPaths = (
			);
			outputPaths = (
				"${TARGET_BUILD_DIR}/${FRAMEWORKS_FOLDER_PATH}/openssl_grpc.framework",
				"${TARGET_BUILD_DIR}/${FRAMEWORKS_FOLDER_PATH}/GTMSessionFetcher.framework",
				"${TARGET_BUILD_DIR}/${FRAMEWORKS_FOLDER_PATH}/GoogleUtilities.framework",
				"${TARGET_BUILD_DIR}/${FRAMEWORKS_FOLDER_PATH}/MediaWatermark.framework",
				"${TARGET_BUILD_DIR}/${FRAMEWORKS_FOLDER_PATH}/Protobuf.framework",
				"${TARGET_BUILD_DIR}/${FRAMEWORKS_FOLDER_PATH}/RxCocoa.framework",
				"${TARGET_BUILD_DIR}/${FRAMEWORKS_FOLDER_PATH}/RxRelay.framework",
				"${TARGET_BUILD_DIR}/${FRAMEWORKS_FOLDER_PATH}/RxSwift.framework",
				"${TARGET_BUILD_DIR}/${FRAMEWORKS_FOLDER_PATH}/SDWebImage.framework",
				"${TARGET_BUILD_DIR}/${FRAMEWORKS_FOLDER_PATH}/SnapKit.framework",
				"${TARGET_BUILD_DIR}/${FRAMEWORKS_FOLDER_PATH}/TextFieldEffects.framework",
				"${TARGET_BUILD_DIR}/${FRAMEWORKS_FOLDER_PATH}/grpcpp.framework",
				"${TARGET_BUILD_DIR}/${FRAMEWORKS_FOLDER_PATH}/grpc.framework",
				"${TARGET_BUILD_DIR}/${FRAMEWORKS_FOLDER_PATH}/leveldb.framework",
				"${TARGET_BUILD_DIR}/${FRAMEWORKS_FOLDER_PATH}/nanopb.framework",
			);
			runOnlyForDeploymentPostprocessing = 0;
			shellPath = /bin/sh;
			shellScript = "\"${PODS_ROOT}/Target Support Files/Pods-AwesomePhotos/Pods-AwesomePhotos-frameworks.sh\"\n";
			showEnvVarsInLog = 0;
		};
/* End PBXShellScriptBuildPhase section */

/* Begin PBXSourcesBuildPhase section */
		183E5AE62249BBC100F7309E /* Sources */ = {
			isa = PBXSourcesBuildPhase;
			buildActionMask = 2147483647;
			files = (
<<<<<<< HEAD
				CE83728B2287387F0022F782 /* EditProfileView.swift in Sources */,
				18CBCDAF224C65CE00420484 /* HomeView.swift in Sources */,
=======
>>>>>>> master
				18F9E9E6225066BA003F09DA /* ForgotPasswordController.swift in Sources */,
				18F9E9E4225064B8003F09DA /* ForgotPasswordView.swift in Sources */,
				182060C0226EB8C40058ACAA /* CustomAlertController.swift in Sources */,
				18C6BADF226DA6BF00C29F4F /* AlertService.swift in Sources */,
				1897EA862274703F00C0B1FB /* DeleteAccountView.swift in Sources */,
				18D8393D2277E41900D4BBB8 /* EditPermissionController.swift in Sources */,
				18CBCDA9224C650700420484 /* GenericView.swift in Sources */,
				18CBCDB1224C6A2300420484 /* GenericViewController.swift in Sources */,
				18CBCDAB224C65BB00420484 /* LogInView.swift in Sources */,
				1847E5EE2289295800CC7282 /* OwnedImageViewController.swift in Sources */,
				C4BDC2AF2280074000596D67 /* SettingsSection.swift in Sources */,
				C4BDC29F227ECC9200596D67 /* SettingsCell.swift in Sources */,
				18F0E25B225F3AFC0021A240 /* User.swift in Sources */,
				5DEDE8972272EF7D00BAF1D2 /* VideoPreviewViewController.swift in Sources */,
				CE837289228735C10022F782 /* EditProfileViewController.swift in Sources */,
				5D10BA332266DC7D0011237D /* VideoStopwatch.swift in Sources */,
				5DA8C6AA226B057800E6FE21 /* VideoViewController.swift in Sources */,
				CE2250D4227C11D500C7322A /* TabBarController.swift in Sources */,
				183E5B002249BC3000F7309E /* LoginController.swift in Sources */,
				18CBCDAD224C65C800420484 /* SignUpView.swift in Sources */,
				879706342265B2870036FA2B /* Photo.swift in Sources */,
				5D10BA1A2266D6BB0011237D /* CameraViewController.swift in Sources */,
				879706362265D6B60036FA2B /* Constant.swift in Sources */,
				183E5B062249BCAB00F7309E /* Extentions.swift in Sources */,
				CE2250D6227C147B00C7322A /* LibraryCollectionViewCell.swift in Sources */,
				C4225EB02284889C00D18815 /* DefaultsKeys.swift in Sources */,
				C4BDC2A1227ECCA600596D67 /* CustomTotalButtons.swift in Sources */,
				C4BDC2AE2280074000596D67 /* SettingsViewController.swift in Sources */,
				183E5AEE2249BBC100F7309E /* AppDelegate.swift in Sources */,
				879706322265B1610036FA2B /* FirebaseFunctions.swift in Sources */,
				5D10BA152266D5BD0011237D /* DownloadImageViewController.swift in Sources */,
				1897EA88227471DC00C0B1FB /* DeleteAccountController.swift in Sources */,
				C4BDC2A32280001300596D67 /* ProfileView.swift in Sources */,
				5D10BA322266DC7D0011237D /* RoundButton.swift in Sources */,
				18F0E259225F39380021A240 /* ShareController.swift in Sources */,
				CE2250D8227C161100C7322A /* CustomButton.swift in Sources */,
				5D10BA162266D5BD0011237D /* PreviewImageViewController.swift in Sources */,
				C4BDC2B22280075F00596D67 /* ProfileViewController.swift in Sources */,
				18C9FF4B22605A2F0003B347 /* CellWithButton.swift in Sources */,
				183E5B022249BC5E00F7309E /* SignUpController.swift in Sources */,
			);
			runOnlyForDeploymentPostprocessing = 0;
		};
/* End PBXSourcesBuildPhase section */

/* Begin PBXVariantGroup section */
		183E5AF12249BBC100F7309E /* Main.storyboard */ = {
			isa = PBXVariantGroup;
			children = (
				183E5AF22249BBC100F7309E /* Base */,
			);
			name = Main.storyboard;
			sourceTree = "<group>";
		};
		183E5AF62249BBC200F7309E /* LaunchScreen.storyboard */ = {
			isa = PBXVariantGroup;
			children = (
				183E5AF72249BBC200F7309E /* Base */,
			);
			name = LaunchScreen.storyboard;
			sourceTree = "<group>";
		};
		CE2250DB227C261F00C7322A /* TabBar.storyboard */ = {
			isa = PBXVariantGroup;
			children = (
				CE2250DA227C261F00C7322A /* Base */,
			);
			name = TabBar.storyboard;
			sourceTree = "<group>";
		};
/* End PBXVariantGroup section */

/* Begin XCBuildConfiguration section */
		183E5AFA2249BBC200F7309E /* Debug */ = {
			isa = XCBuildConfiguration;
			buildSettings = {
				ALWAYS_SEARCH_USER_PATHS = NO;
				CLANG_ANALYZER_NONNULL = YES;
				CLANG_ANALYZER_NUMBER_OBJECT_CONVERSION = YES_AGGRESSIVE;
				CLANG_CXX_LANGUAGE_STANDARD = "gnu++14";
				CLANG_CXX_LIBRARY = "libc++";
				CLANG_ENABLE_MODULES = YES;
				CLANG_ENABLE_OBJC_ARC = YES;
				CLANG_ENABLE_OBJC_WEAK = YES;
				CLANG_WARN_BLOCK_CAPTURE_AUTORELEASING = YES;
				CLANG_WARN_BOOL_CONVERSION = YES;
				CLANG_WARN_COMMA = YES;
				CLANG_WARN_CONSTANT_CONVERSION = YES;
				CLANG_WARN_DEPRECATED_OBJC_IMPLEMENTATIONS = YES;
				CLANG_WARN_DIRECT_OBJC_ISA_USAGE = YES_ERROR;
				CLANG_WARN_DOCUMENTATION_COMMENTS = YES;
				CLANG_WARN_EMPTY_BODY = YES;
				CLANG_WARN_ENUM_CONVERSION = YES;
				CLANG_WARN_INFINITE_RECURSION = YES;
				CLANG_WARN_INT_CONVERSION = YES;
				CLANG_WARN_NON_LITERAL_NULL_CONVERSION = YES;
				CLANG_WARN_OBJC_IMPLICIT_RETAIN_SELF = YES;
				CLANG_WARN_OBJC_LITERAL_CONVERSION = YES;
				CLANG_WARN_OBJC_ROOT_CLASS = YES_ERROR;
				CLANG_WARN_RANGE_LOOP_ANALYSIS = YES;
				CLANG_WARN_STRICT_PROTOTYPES = YES;
				CLANG_WARN_SUSPICIOUS_MOVE = YES;
				CLANG_WARN_UNGUARDED_AVAILABILITY = YES_AGGRESSIVE;
				CLANG_WARN_UNREACHABLE_CODE = YES;
				CLANG_WARN__DUPLICATE_METHOD_MATCH = YES;
				CODE_SIGN_IDENTITY = "iPhone Developer";
				COPY_PHASE_STRIP = NO;
				DEBUG_INFORMATION_FORMAT = dwarf;
				ENABLE_STRICT_OBJC_MSGSEND = YES;
				ENABLE_TESTABILITY = YES;
				GCC_C_LANGUAGE_STANDARD = gnu11;
				GCC_DYNAMIC_NO_PIC = NO;
				GCC_NO_COMMON_BLOCKS = YES;
				GCC_OPTIMIZATION_LEVEL = 0;
				GCC_PREPROCESSOR_DEFINITIONS = (
					"DEBUG=1",
					"$(inherited)",
				);
				GCC_WARN_64_TO_32_BIT_CONVERSION = YES;
				GCC_WARN_ABOUT_RETURN_TYPE = YES_ERROR;
				GCC_WARN_UNDECLARED_SELECTOR = YES;
				GCC_WARN_UNINITIALIZED_AUTOS = YES_AGGRESSIVE;
				GCC_WARN_UNUSED_FUNCTION = YES;
				GCC_WARN_UNUSED_VARIABLE = YES;
				IPHONEOS_DEPLOYMENT_TARGET = 12.1;
				MTL_ENABLE_DEBUG_INFO = INCLUDE_SOURCE;
				MTL_FAST_MATH = YES;
				ONLY_ACTIVE_ARCH = YES;
				SDKROOT = iphoneos;
				SWIFT_ACTIVE_COMPILATION_CONDITIONS = DEBUG;
				SWIFT_OPTIMIZATION_LEVEL = "-Onone";
			};
			name = Debug;
		};
		183E5AFB2249BBC200F7309E /* Release */ = {
			isa = XCBuildConfiguration;
			buildSettings = {
				ALWAYS_SEARCH_USER_PATHS = NO;
				CLANG_ANALYZER_NONNULL = YES;
				CLANG_ANALYZER_NUMBER_OBJECT_CONVERSION = YES_AGGRESSIVE;
				CLANG_CXX_LANGUAGE_STANDARD = "gnu++14";
				CLANG_CXX_LIBRARY = "libc++";
				CLANG_ENABLE_MODULES = YES;
				CLANG_ENABLE_OBJC_ARC = YES;
				CLANG_ENABLE_OBJC_WEAK = YES;
				CLANG_WARN_BLOCK_CAPTURE_AUTORELEASING = YES;
				CLANG_WARN_BOOL_CONVERSION = YES;
				CLANG_WARN_COMMA = YES;
				CLANG_WARN_CONSTANT_CONVERSION = YES;
				CLANG_WARN_DEPRECATED_OBJC_IMPLEMENTATIONS = YES;
				CLANG_WARN_DIRECT_OBJC_ISA_USAGE = YES_ERROR;
				CLANG_WARN_DOCUMENTATION_COMMENTS = YES;
				CLANG_WARN_EMPTY_BODY = YES;
				CLANG_WARN_ENUM_CONVERSION = YES;
				CLANG_WARN_INFINITE_RECURSION = YES;
				CLANG_WARN_INT_CONVERSION = YES;
				CLANG_WARN_NON_LITERAL_NULL_CONVERSION = YES;
				CLANG_WARN_OBJC_IMPLICIT_RETAIN_SELF = YES;
				CLANG_WARN_OBJC_LITERAL_CONVERSION = YES;
				CLANG_WARN_OBJC_ROOT_CLASS = YES_ERROR;
				CLANG_WARN_RANGE_LOOP_ANALYSIS = YES;
				CLANG_WARN_STRICT_PROTOTYPES = YES;
				CLANG_WARN_SUSPICIOUS_MOVE = YES;
				CLANG_WARN_UNGUARDED_AVAILABILITY = YES_AGGRESSIVE;
				CLANG_WARN_UNREACHABLE_CODE = YES;
				CLANG_WARN__DUPLICATE_METHOD_MATCH = YES;
				CODE_SIGN_IDENTITY = "iPhone Developer";
				COPY_PHASE_STRIP = NO;
				DEBUG_INFORMATION_FORMAT = "dwarf-with-dsym";
				ENABLE_NS_ASSERTIONS = NO;
				ENABLE_STRICT_OBJC_MSGSEND = YES;
				GCC_C_LANGUAGE_STANDARD = gnu11;
				GCC_NO_COMMON_BLOCKS = YES;
				GCC_WARN_64_TO_32_BIT_CONVERSION = YES;
				GCC_WARN_ABOUT_RETURN_TYPE = YES_ERROR;
				GCC_WARN_UNDECLARED_SELECTOR = YES;
				GCC_WARN_UNINITIALIZED_AUTOS = YES_AGGRESSIVE;
				GCC_WARN_UNUSED_FUNCTION = YES;
				GCC_WARN_UNUSED_VARIABLE = YES;
				IPHONEOS_DEPLOYMENT_TARGET = 12.1;
				MTL_ENABLE_DEBUG_INFO = NO;
				MTL_FAST_MATH = YES;
				SDKROOT = iphoneos;
				SWIFT_COMPILATION_MODE = wholemodule;
				SWIFT_OPTIMIZATION_LEVEL = "-O";
				VALIDATE_PRODUCT = YES;
			};
			name = Release;
		};
		183E5AFD2249BBC200F7309E /* Debug */ = {
			isa = XCBuildConfiguration;
			baseConfigurationReference = 25883CC4C68DB5A454A250F7 /* Pods-AwesomePhotos.debug.xcconfig */;
			buildSettings = {
				ASSETCATALOG_COMPILER_APPICON_NAME = AppIcon;
				CODE_SIGN_STYLE = Automatic;
<<<<<<< HEAD
				DEVELOPMENT_TEAM = JXDQ2F2M4A;
=======
				DEVELOPMENT_TEAM = 7XXXHW74DS;
>>>>>>> master
				INFOPLIST_FILE = AwesomePhotos/Info.plist;
				LD_RUNPATH_SEARCH_PATHS = (
					"$(inherited)",
					"@executable_path/Frameworks",
				);
<<<<<<< HEAD
				PRODUCT_BUNDLE_IDENTIFIER = com.AwesomePhotosBobb;
=======
				PRODUCT_BUNDLE_IDENTIFIER = com.AwesomePhotos;
>>>>>>> master
				PRODUCT_NAME = "$(TARGET_NAME)";
				SWIFT_VERSION = 5.0;
				TARGETED_DEVICE_FAMILY = "1,2";
			};
			name = Debug;
		};
		183E5AFE2249BBC200F7309E /* Release */ = {
			isa = XCBuildConfiguration;
			baseConfigurationReference = 81C80856E829A27F51A5C577 /* Pods-AwesomePhotos.release.xcconfig */;
			buildSettings = {
				ASSETCATALOG_COMPILER_APPICON_NAME = AppIcon;
				CODE_SIGN_STYLE = Automatic;
<<<<<<< HEAD
				DEVELOPMENT_TEAM = JXDQ2F2M4A;
=======
				DEVELOPMENT_TEAM = 7XXXHW74DS;
>>>>>>> master
				INFOPLIST_FILE = AwesomePhotos/Info.plist;
				LD_RUNPATH_SEARCH_PATHS = (
					"$(inherited)",
					"@executable_path/Frameworks",
				);
<<<<<<< HEAD
				PRODUCT_BUNDLE_IDENTIFIER = com.AwesomePhotosBobb;
=======
				PRODUCT_BUNDLE_IDENTIFIER = com.AwesomePhotos;
>>>>>>> master
				PRODUCT_NAME = "$(TARGET_NAME)";
				SWIFT_VERSION = 5.0;
				TARGETED_DEVICE_FAMILY = "1,2";
			};
			name = Release;
		};
/* End XCBuildConfiguration section */

/* Begin XCConfigurationList section */
		183E5AE52249BBC100F7309E /* Build configuration list for PBXProject "AwesomePhotos" */ = {
			isa = XCConfigurationList;
			buildConfigurations = (
				183E5AFA2249BBC200F7309E /* Debug */,
				183E5AFB2249BBC200F7309E /* Release */,
			);
			defaultConfigurationIsVisible = 0;
			defaultConfigurationName = Release;
		};
		183E5AFC2249BBC200F7309E /* Build configuration list for PBXNativeTarget "AwesomePhotos" */ = {
			isa = XCConfigurationList;
			buildConfigurations = (
				183E5AFD2249BBC200F7309E /* Debug */,
				183E5AFE2249BBC200F7309E /* Release */,
			);
			defaultConfigurationIsVisible = 0;
			defaultConfigurationName = Release;
		};
/* End XCConfigurationList section */
	};
	rootObject = 183E5AE22249BBC100F7309E /* Project object */;
}
